// !$*UTF8*$!
{
	archiveVersion = 1;
	classes = {
	};
	objectVersion = 46;
	objects = {

/* Begin PBXBuildFile section */
		0C8682DA18C360B300782803 /* Cocoa.framework in Frameworks */ = {isa = PBXBuildFile; fileRef = 0C8682D918C360B300782803 /* Cocoa.framework */; };
		0C8682E418C360B300782803 /* InfoPlist.strings in Resources */ = {isa = PBXBuildFile; fileRef = 0C8682E218C360B300782803 /* InfoPlist.strings */; };
		0C8682E618C360B300782803 /* main.m in Sources */ = {isa = PBXBuildFile; fileRef = 0C8682E518C360B300782803 /* main.m */; };
		0C8682EA18C360B300782803 /* Credits.rtf in Resources */ = {isa = PBXBuildFile; fileRef = 0C8682E818C360B300782803 /* Credits.rtf */; };
		0C8682ED18C360B300782803 /* AppDelegate.m in Sources */ = {isa = PBXBuildFile; fileRef = 0C8682EC18C360B300782803 /* AppDelegate.m */; };
		0C8682F018C360B300782803 /* MainMenu.xib in Resources */ = {isa = PBXBuildFile; fileRef = 0C8682EE18C360B300782803 /* MainMenu.xib */; };
		0C8682F218C360B300782803 /* Images.xcassets in Resources */ = {isa = PBXBuildFile; fileRef = 0C8682F118C360B300782803 /* Images.xcassets */; };
		0C8682F918C360B300782803 /* XCTest.framework in Frameworks */ = {isa = PBXBuildFile; fileRef = 0C8682F818C360B300782803 /* XCTest.framework */; };
		0C8682FA18C360B300782803 /* Cocoa.framework in Frameworks */ = {isa = PBXBuildFile; fileRef = 0C8682D918C360B300782803 /* Cocoa.framework */; };
		0C86830218C360B300782803 /* InfoPlist.strings in Resources */ = {isa = PBXBuildFile; fileRef = 0C86830018C360B300782803 /* InfoPlist.strings */; };
		0C86830418C360B300782803 /* testTests.m in Sources */ = {isa = PBXBuildFile; fileRef = 0C86830318C360B300782803 /* testTests.m */; };
/* End PBXBuildFile section */

/* Begin PBXContainerItemProxy section */
		0C8682FB18C360B300782803 /* PBXContainerItemProxy */ = {
			isa = PBXContainerItemProxy;
			containerPortal = 0C8682CE18C360B300782803 /* Project object */;
			proxyType = 1;
			remoteGlobalIDString = 0C8682D518C360B300782803;
			remoteInfo = test;
		};
/* End PBXContainerItemProxy section */

/* Begin PBXFileReference section */
		0C8682D618C360B300782803 /* test.app */ = {isa = PBXFileReference; explicitFileType = wrapper.application; includeInIndex = 0; path = test.app; sourceTree = BUILT_PRODUCTS_DIR; };
		0C8682D918C360B300782803 /* Cocoa.framework */ = {isa = PBXFileReference; lastKnownFileType = wrapper.framework; name = Cocoa.framework; path = System/Library/Frameworks/Cocoa.framework; sourceTree = SDKROOT; };
		0C8682DC18C360B300782803 /* AppKit.framework */ = {isa = PBXFileReference; lastKnownFileType = wrapper.framework; name = AppKit.framework; path = System/Library/Frameworks/AppKit.framework; sourceTree = SDKROOT; };
		0C8682DD18C360B300782803 /* CoreData.framework */ = {isa = PBXFileReference; lastKnownFileType = wrapper.framework; name = CoreData.framework; path = System/Library/Frameworks/CoreData.framework; sourceTree = SDKROOT; };
		0C8682DE18C360B300782803 /* Foundation.framework */ = {isa = PBXFileReference; lastKnownFileType = wrapper.framework; name = Foundation.framework; path = System/Library/Frameworks/Foundation.framework; sourceTree = SDKROOT; };
		0C8682E118C360B300782803 /* test-Info.plist */ = {isa = PBXFileReference; lastKnownFileType = text.plist.xml; path = "test-Info.plist"; sourceTree = "<group>"; };
		0C8682E318C360B300782803 /* en */ = {isa = PBXFileReference; lastKnownFileType = text.plist.strings; name = en; path = en.lproj/InfoPlist.strings; sourceTree = "<group>"; };
		0C8682E518C360B300782803 /* main.m */ = {isa = PBXFileReference; lastKnownFileType = sourcecode.c.objc; path = main.m; sourceTree = "<group>"; };
		0C8682E718C360B300782803 /* test-Prefix.pch */ = {isa = PBXFileReference; lastKnownFileType = sourcecode.c.h; path = "test-Prefix.pch"; sourceTree = "<group>"; };
		0C8682E918C360B300782803 /* en */ = {isa = PBXFileReference; lastKnownFileType = text.rtf; name = en; path = en.lproj/Credits.rtf; sourceTree = "<group>"; };
		0C8682EB18C360B300782803 /* AppDelegate.h */ = {isa = PBXFileReference; lastKnownFileType = sourcecode.c.h; path = AppDelegate.h; sourceTree = "<group>"; };
		0C8682EC18C360B300782803 /* AppDelegate.m */ = {isa = PBXFileReference; lastKnownFileType = sourcecode.c.objc; path = AppDelegate.m; sourceTree = "<group>"; };
		0C8682EF18C360B300782803 /* Base */ = {isa = PBXFileReference; lastKnownFileType = file.xib; name = Base; path = Base.lproj/MainMenu.xib; sourceTree = "<group>"; };
		0C8682F118C360B300782803 /* Images.xcassets */ = {isa = PBXFileReference; lastKnownFileType = folder.assetcatalog; path = Images.xcassets; sourceTree = "<group>"; };
		0C8682F718C360B300782803 /* testTests.xctest */ = {isa = PBXFileReference; explicitFileType = wrapper.cfbundle; includeInIndex = 0; path = testTests.xctest; sourceTree = BUILT_PRODUCTS_DIR; };
		0C8682F818C360B300782803 /* XCTest.framework */ = {isa = PBXFileReference; lastKnownFileType = wrapper.framework; name = XCTest.framework; path = Library/Frameworks/XCTest.framework; sourceTree = DEVELOPER_DIR; };
		0C8682FF18C360B300782803 /* testTests-Info.plist */ = {isa = PBXFileReference; lastKnownFileType = text.plist.xml; path = "testTests-Info.plist"; sourceTree = "<group>"; };
		0C86830118C360B300782803 /* en */ = {isa = PBXFileReference; lastKnownFileType = text.plist.strings; name = en; path = en.lproj/InfoPlist.strings; sourceTree = "<group>"; };
		0C86830318C360B300782803 /* testTests.m */ = {isa = PBXFileReference; lastKnownFileType = sourcecode.c.objc; path = testTests.m; sourceTree = "<group>"; };
/* End PBXFileReference section */

/* Begin PBXFrameworksBuildPhase section */
		0C8682D318C360B300782803 /* Frameworks */ = {
			isa = PBXFrameworksBuildPhase;
			buildActionMask = 2147483647;
			files = (
				0C8682DA18C360B300782803 /* Cocoa.framework in Frameworks */,
			);
			runOnlyForDeploymentPostprocessing = 0;
		};
		0C8682F418C360B300782803 /* Frameworks */ = {
			isa = PBXFrameworksBuildPhase;
			buildActionMask = 2147483647;
			files = (
				0C8682FA18C360B300782803 /* Cocoa.framework in Frameworks */,
				0C8682F918C360B300782803 /* XCTest.framework in Frameworks */,
			);
			runOnlyForDeploymentPostprocessing = 0;
		};
/* End PBXFrameworksBuildPhase section */

/* Begin PBXGroup section */
		0C8682CD18C360B300782803 = {
			isa = PBXGroup;
			children = (
				0C8682DF18C360B300782803 /* test */,
				0C8682FD18C360B300782803 /* testTests */,
				0C8682D818C360B300782803 /* Frameworks */,
				0C8682D718C360B300782803 /* Products */,
			);
			sourceTree = "<group>";
		};
		0C8682D718C360B300782803 /* Products */ = {
			isa = PBXGroup;
			children = (
				0C8682D618C360B300782803 /* test.app */,
				0C8682F718C360B300782803 /* testTests.xctest */,
			);
			name = Products;
			sourceTree = "<group>";
		};
		0C8682D818C360B300782803 /* Frameworks */ = {
			isa = PBXGroup;
			children = (
				0C8682D918C360B300782803 /* Cocoa.framework */,
				0C8682F818C360B300782803 /* XCTest.framework */,
				0C8682DB18C360B300782803 /* Other Frameworks */,
			);
			name = Frameworks;
			sourceTree = "<group>";
		};
		0C8682DB18C360B300782803 /* Other Frameworks */ = {
			isa = PBXGroup;
			children = (
				0C8682DC18C360B300782803 /* AppKit.framework */,
				0C8682DD18C360B300782803 /* CoreData.framework */,
				0C8682DE18C360B300782803 /* Foundation.framework */,
			);
			name = "Other Frameworks";
			sourceTree = "<group>";
		};
		0C8682DF18C360B300782803 /* test */ = {
			isa = PBXGroup;
			children = (
				0C8682EB18C360B300782803 /* AppDelegate.h */,
				0C8682EC18C360B300782803 /* AppDelegate.m */,
				0C8682EE18C360B300782803 /* MainMenu.xib */,
				0C8682F118C360B300782803 /* Images.xcassets */,
				0C8682E018C360B300782803 /* Supporting Files */,
			);
			path = test;
			sourceTree = "<group>";
		};
		0C8682E018C360B300782803 /* Supporting Files */ = {
			isa = PBXGroup;
			children = (
				0C8682E118C360B300782803 /* test-Info.plist */,
				0C8682E218C360B300782803 /* InfoPlist.strings */,
				0C8682E518C360B300782803 /* main.m */,
				0C8682E718C360B300782803 /* test-Prefix.pch */,
				0C8682E818C360B300782803 /* Credits.rtf */,
			);
			name = "Supporting Files";
			sourceTree = "<group>";
		};
		0C8682FD18C360B300782803 /* testTests */ = {
			isa = PBXGroup;
			children = (
				0C86830318C360B300782803 /* testTests.m */,
				0C8682FE18C360B300782803 /* Supporting Files */,
			);
			path = testTests;
			sourceTree = "<group>";
		};
		0C8682FE18C360B300782803 /* Supporting Files */ = {
			isa = PBXGroup;
			children = (
				0C8682FF18C360B300782803 /* testTests-Info.plist */,
				0C86830018C360B300782803 /* InfoPlist.strings */,
			);
			name = "Supporting Files";
			sourceTree = "<group>";
		};
/* End PBXGroup section */

/* Begin PBXNativeTarget section */
		0C8682D518C360B300782803 /* test */ = {
			isa = PBXNativeTarget;
			buildConfigurationList = 0C86830718C360B300782803 /* Build configuration list for PBXNativeTarget "test" */;
			buildPhases = (
				0C8682D218C360B300782803 /* Sources */,
				0C8682D318C360B300782803 /* Frameworks */,
				0C8682D418C360B300782803 /* Resources */,
			);
			buildRules = (
			);
			dependencies = (
			);
			name = test;
			productName = test;
			productReference = 0C8682D618C360B300782803 /* test.app */;
			productType = "com.apple.product-type.application";
		};
		0C8682F618C360B300782803 /* testTests */ = {
			isa = PBXNativeTarget;
			buildConfigurationList = 0C86830A18C360B300782803 /* Build configuration list for PBXNativeTarget "testTests" */;
			buildPhases = (
				0C8682F318C360B300782803 /* Sources */,
				0C8682F418C360B300782803 /* Frameworks */,
				0C8682F518C360B300782803 /* Resources */,
			);
			buildRules = (
			);
			dependencies = (
				0C8682FC18C360B300782803 /* PBXTargetDependency */,
			);
			name = testTests;
			productName = testTests;
			productReference = 0C8682F718C360B300782803 /* testTests.xctest */;
			productType = "com.apple.product-type.bundle.unit-test";
		};
/* End PBXNativeTarget section */

/* Begin PBXProject section */
		0C8682CE18C360B300782803 /* Project object */ = {
			isa = PBXProject;
			attributes = {
				LastUpgradeCheck = 0500;
				ORGANIZATIONNAME = "ilir zeqiri";
				TargetAttributes = {
					0C8682F618C360B300782803 = {
						TestTargetID = 0C8682D518C360B300782803;
					};
				};
			};
			buildConfigurationList = 0C8682D118C360B300782803 /* Build configuration list for PBXProject "test" */;
			compatibilityVersion = "Xcode 3.2";
			developmentRegion = English;
			hasScannedForEncodings = 0;
			knownRegions = (
				en,
				Base,
			);
			mainGroup = 0C8682CD18C360B300782803;
			productRefGroup = 0C8682D718C360B300782803 /* Products */;
			projectDirPath = "";
			projectRoot = "";
			targets = (
				0C8682D518C360B300782803 /* test */,
				0C8682F618C360B300782803 /* testTests */,
			);
		};
/* End PBXProject section */

/* Begin PBXResourcesBuildPhase section */
		0C8682D418C360B300782803 /* Resources */ = {
			isa = PBXResourcesBuildPhase;
			buildActionMask = 2147483647;
			files = (
				0C8682E418C360B300782803 /* InfoPlist.strings in Resources */,
				0C8682F218C360B300782803 /* Images.xcassets in Resources */,
				0C8682EA18C360B300782803 /* Credits.rtf in Resources */,
				0C8682F018C360B300782803 /* MainMenu.xib in Resources */,
			);
			runOnlyForDeploymentPostprocessing = 0;
		};
		0C8682F518C360B300782803 /* Resources */ = {
			isa = PBXResourcesBuildPhase;
			buildActionMask = 2147483647;
			files = (
				0C86830218C360B300782803 /* InfoPlist.strings in Resources */,
			);
			runOnlyForDeploymentPostprocessing = 0;
		};
/* End PBXResourcesBuildPhase section */

/* Begin PBXSourcesBuildPhase section */
		0C8682D218C360B300782803 /* Sources */ = {
			isa = PBXSourcesBuildPhase;
			buildActionMask = 2147483647;
			files = (
				0C8682ED18C360B300782803 /* AppDelegate.m in Sources */,
				0C8682E618C360B300782803 /* main.m in Sources */,
			);
			runOnlyForDeploymentPostprocessing = 0;
		};
		0C8682F318C360B300782803 /* Sources */ = {
			isa = PBXSourcesBuildPhase;
			buildActionMask = 2147483647;
			files = (
				0C86830418C360B300782803 /* testTests.m in Sources */,
			);
			runOnlyForDeploymentPostprocessing = 0;
		};
/* End PBXSourcesBuildPhase section */

/* Begin PBXTargetDependency section */
		0C8682FC18C360B300782803 /* PBXTargetDependency */ = {
			isa = PBXTargetDependency;
			target = 0C8682D518C360B300782803 /* test */;
			targetProxy = 0C8682FB18C360B300782803 /* PBXContainerItemProxy */;
		};
/* End PBXTargetDependency section */

/* Begin PBXVariantGroup section */
		0C8682E218C360B300782803 /* InfoPlist.strings */ = {
			isa = PBXVariantGroup;
			children = (
				0C8682E318C360B300782803 /* en */,
			);
			name = InfoPlist.strings;
			sourceTree = "<group>";
		};
		0C8682E818C360B300782803 /* Credits.rtf */ = {
			isa = PBXVariantGroup;
			children = (
				0C8682E918C360B300782803 /* en */,
			);
			name = Credits.rtf;
			sourceTree = "<group>";
		};
		0C8682EE18C360B300782803 /* MainMenu.xib */ = {
			isa = PBXVariantGroup;
			children = (
				0C8682EF18C360B300782803 /* Base */,
			);
			name = MainMenu.xib;
			sourceTree = "<group>";
		};
		0C86830018C360B300782803 /* InfoPlist.strings */ = {
			isa = PBXVariantGroup;
			children = (
				0C86830118C360B300782803 /* en */,
			);
			name = InfoPlist.strings;
			sourceTree = "<group>";
		};
/* End PBXVariantGroup section */

/* Begin XCBuildConfiguration section */
		0C86830518C360B300782803 /* Debug */ = {
			isa = XCBuildConfiguration;
			buildSettings = {
				ALWAYS_SEARCH_USER_PATHS = NO;
				CLANG_CXX_LANGUAGE_STANDARD = "gnu++0x";
				CLANG_CXX_LIBRARY = "libc++";
				CLANG_ENABLE_OBJC_ARC = YES;
				CLANG_WARN_BOOL_CONVERSION = YES;
				CLANG_WARN_CONSTANT_CONVERSION = YES;
				CLANG_WARN_DIRECT_OBJC_ISA_USAGE = YES_ERROR;
				CLANG_WARN_EMPTY_BODY = YES;
				CLANG_WARN_ENUM_CONVERSION = YES;
				CLANG_WARN_INT_CONVERSION = YES;
				CLANG_WARN_OBJC_ROOT_CLASS = YES_ERROR;
				CLANG_WARN__DUPLICATE_METHOD_MATCH = YES;
				COPY_PHASE_STRIP = NO;
				GCC_C_LANGUAGE_STANDARD = gnu99;
				GCC_DYNAMIC_NO_PIC = NO;
				GCC_ENABLE_OBJC_EXCEPTIONS = YES;
				GCC_OPTIMIZATION_LEVEL = 0;
				GCC_PREPROCESSOR_DEFINITIONS = (
					"DEBUG=1",
					"$(inherited)",
				);
				GCC_SYMBOLS_PRIVATE_EXTERN = NO;
				GCC_WARN_64_TO_32_BIT_CONVERSION = YES;
				GCC_WARN_ABOUT_RETURN_TYPE = YES_ERROR;
				GCC_WARN_UNDECLARED_SELECTOR = YES;
				GCC_WARN_UNINITIALIZED_AUTOS = YES;
				GCC_WARN_UNUSED_FUNCTION = YES;
				GCC_WARN_UNUSED_VARIABLE = YES;
				MACOSX_DEPLOYMENT_TARGET = 10.9;
				ONLY_ACTIVE_ARCH = YES;
				SDKROOT = macosx;
			};
			name = Debug;
		};
		0C86830618C360B300782803 /* Release */ = {
			isa = XCBuildConfiguration;
			buildSettings = {
				ALWAYS_SEARCH_USER_PATHS = NO;
				CLANG_CXX_LANGUAGE_STANDARD = "gnu++0x";
				CLANG_CXX_LIBRARY = "libc++";
				CLANG_ENABLE_OBJC_ARC = YES;
				CLANG_WARN_BOOL_CONVERSION = YES;
				CLANG_WARN_CONSTANT_CONVERSION = YES;
				CLANG_WARN_DIRECT_OBJC_ISA_USAGE = YES_ERROR;
				CLANG_WARN_EMPTY_BODY = YES;
				CLANG_WARN_ENUM_CONVERSION = YES;
				CLANG_WARN_INT_CONVERSION = YES;
				CLANG_WARN_OBJC_ROOT_CLASS = YES_ERROR;
				CLANG_WARN__DUPLICATE_METHOD_MATCH = YES;
				COPY_PHASE_STRIP = YES;
				DEBUG_INFORMATION_FORMAT = "dwarf-with-dsym";
				ENABLE_NS_ASSERTIONS = NO;
				GCC_C_LANGUAGE_STANDARD = gnu99;
				GCC_ENABLE_OBJC_EXCEPTIONS = YES;
				GCC_WARN_64_TO_32_BIT_CONVERSION = YES;
				GCC_WARN_ABOUT_RETURN_TYPE = YES_ERROR;
				GCC_WARN_UNDECLARED_SELECTOR = YES;
				GCC_WARN_UNINITIALIZED_AUTOS = YES;
				GCC_WARN_UNUSED_FUNCTION = YES;
				GCC_WARN_UNUSED_VARIABLE = YES;
				MACOSX_DEPLOYMENT_TARGET = 10.9;
				SDKROOT = macosx;
			};
			name = Release;
		};
		0C86830818C360B300782803 /* Debug */ = {
			isa = XCBuildConfiguration;
			buildSettings = {
				ASSETCATALOG_COMPILER_APPICON_NAME = AppIcon;
				COMBINE_HIDPI_IMAGES = YES;
				GCC_PRECOMPILE_PREFIX_HEADER = YES;
				GCC_PREFIX_HEADER = "test/test-Prefix.pch";
				INFOPLIST_FILE = "test/test-Info.plist";
				PRODUCT_NAME = "$(TARGET_NAME)";
				WRAPPER_EXTENSION = app;
			};
			name = Debug;
		};
		0C86830918C360B300782803 /* Release */ = {
			isa = XCBuildConfiguration;
			buildSettings = {
				ASSETCATALOG_COMPILER_APPICON_NAME = AppIcon;
				COMBINE_HIDPI_IMAGES = YES;
				GCC_PRECOMPILE_PREFIX_HEADER = YES;
				GCC_PREFIX_HEADER = "test/test-Prefix.pch";
				INFOPLIST_FILE = "test/test-Info.plist";
				PRODUCT_NAME = "$(TARGET_NAME)";
				WRAPPER_EXTENSION = app;
			};
			name = Release;
		};
		0C86830B18C360B300782803 /* Debug */ = {
			isa = XCBuildConfiguration;
			buildSettings = {
				BUNDLE_LOADER = "$(BUILT_PRODUCTS_DIR)/test.app/Contents/MacOS/test";
				COMBINE_HIDPI_IMAGES = YES;
				FRAMEWORK_SEARCH_PATHS = (
					"$(DEVELOPER_FRAMEWORKS_DIR)",
					"$(inherited)",
				);
				GCC_PRECOMPILE_PREFIX_HEADER = YES;
				GCC_PREFIX_HEADER = "test/test-Prefix.pch";
				GCC_PREPROCESSOR_DEFINITIONS = (
					"DEBUG=1",
					"$(inherited)",
				);
				INFOPLIST_FILE = "testTests/testTests-Info.plist";
				PRODUCT_NAME = "$(TARGET_NAME)";
				TEST_HOST = "$(BUNDLE_LOADER)";
				WRAPPER_EXTENSION = xctest;
			};
			name = Debug;
		};
		0C86830C18C360B300782803 /* Release */ = {
			isa = XCBuildConfiguration;
			buildSettings = {
				BUNDLE_LOADER = "$(BUILT_PRODUCTS_DIR)/test.app/Contents/MacOS/test";
				COMBINE_HIDPI_IMAGES = YES;
				FRAMEWORK_SEARCH_PATHS = (
					"$(DEVELOPER_FRAMEWORKS_DIR)",
					"$(inherited)",
				);
				GCC_PRECOMPILE_PREFIX_HEADER = YES;
				GCC_PREFIX_HEADER = "test/test-Prefix.pch";
				INFOPLIST_FILE = "testTests/testTests-Info.plist";
				PRODUCT_NAME = "$(TARGET_NAME)";
				TEST_HOST = "$(BUNDLE_LOADER)";
				WRAPPER_EXTENSION = xctest;
			};
			name = Release;
		};
/* End XCBuildConfiguration section */

/* Begin XCConfigurationList section */
		0C8682D118C360B300782803 /* Build configuration list for PBXProject "test" */ = {
			isa = XCConfigurationList;
			buildConfigurations = (
				0C86830518C360B300782803 /* Debug */,
				0C86830618C360B300782803 /* Release */,
			);
			defaultConfigurationIsVisible = 0;
			defaultConfigurationName = Release;
		};
		0C86830718C360B300782803 /* Build configuration list for PBXNativeTarget "test" */ = {
			isa = XCConfigurationList;
			buildConfigurations = (
				0C86830818C360B300782803 /* Debug */,
				0C86830918C360B300782803 /* Release */,
			);
			defaultConfigurationIsVisible = 0;
		};
		0C86830A18C360B300782803 /* Build configuration list for PBXNativeTarget "testTests" */ = {
			isa = XCConfigurationList;
			buildConfigurations = (
				0C86830B18C360B300782803 /* Debug */,
				0C86830C18C360B300782803 /* Release */,
			);
			defaultConfigurationIsVisible = 0;
		};
/* End XCConfigurationList section */
	};
	rootObject = 0C8682CE18C360B300782803 /* Project object */;
}
